<?xml version="1.0" encoding="utf-8"?>
<Project ToolsVersion="4.0" xmlns="http://schemas.microsoft.com/developer/msbuild/2003">
  <ItemGroup>
    <Filter Include="소스 파일">
      <UniqueIdentifier>{4FC737F1-C7A5-4376-A066-2A32D752A2FF}</UniqueIdentifier>
      <Extensions>cpp;c;cc;cxx;c++;cppm;ixx;def;odl;idl;hpj;bat;asm;asmx</Extensions>
    </Filter>
    <Filter Include="헤더 파일">
      <UniqueIdentifier>{93995380-89BD-4b04-88EB-625FBE52EBFB}</UniqueIdentifier>
      <Extensions>h;hh;hpp;hxx;h++;hm;inl;inc;ipp;xsd</Extensions>
    </Filter>
    <Filter Include="리소스 파일">
      <UniqueIdentifier>{67DA6AB6-F800-4c08-8B7A-83BB121AAD01}</UniqueIdentifier>
      <Extensions>rc;ico;cur;bmp;dlg;rc2;rct;bin;rgs;gif;jpg;jpeg;jpe;resx;tiff;tif;png;wav;mfcribbon-ms</Extensions>
    </Filter>
    <Filter Include="소스 파일\CH02_LMS">
      <UniqueIdentifier>{6b401e67-7485-44fa-82ef-d36a3772a857}</UniqueIdentifier>
    </Filter>
    <Filter Include="소스 파일\CH03_LMS">
      <UniqueIdentifier>{ba3b7cd5-9996-437d-9682-2269adc345c1}</UniqueIdentifier>
    </Filter>
    <Filter Include="소스 파일\CH04_LMS">
      <UniqueIdentifier>{6386ca5a-6daf-44e8-bf94-94a8feba32ac}</UniqueIdentifier>
    </Filter>
    <Filter Include="소스 파일\CH05_LMS">
      <UniqueIdentifier>{aec54577-c1a2-4e56-9e31-89d3a3142895}</UniqueIdentifier>
    </Filter>
    <Filter Include="소스 파일\CH06_LMS">
      <UniqueIdentifier>{5a3f6ea4-fe9c-44d0-9f90-a6ed4df1eb54}</UniqueIdentifier>
    </Filter>
    <Filter Include="소스 파일\CH07_LMS">
      <UniqueIdentifier>{90f60ab2-3819-46df-8255-c3e9ea59d867}</UniqueIdentifier>
    </Filter>
    <Filter Include="소스 파일\CH08_LMS">
      <UniqueIdentifier>{46576071-ba35-47d3-996b-6857098e4d05}</UniqueIdentifier>
    </Filter>
    <Filter Include="소스 파일\CH09_LMS">
      <UniqueIdentifier>{ca1bfea7-f566-4bd5-98a1-cbc591f52b2c}</UniqueIdentifier>
    </Filter>
  </ItemGroup>
  <ItemGroup>
    <ClCompile Include="ch02_1.cpp">
      <Filter>소스 파일</Filter>
    </ClCompile>
    <ClCompile Include="ch02_2.cpp">
      <Filter>소스 파일</Filter>
    </ClCompile>
    <ClCompile Include="CH02_LMS_1.cpp">
      <Filter>소스 파일\CH02_LMS</Filter>
    </ClCompile>
    <ClCompile Include="CH02_LMS_1_2.cpp">
      <Filter>소스 파일\CH02_LMS</Filter>
    </ClCompile>
    <ClCompile Include="CH02_LMS_1_3.cpp">
      <Filter>소스 파일\CH02_LMS</Filter>
    </ClCompile>
    <ClCompile Include="CH02_LMS_1_4.cpp">
      <Filter>소스 파일\CH02_LMS</Filter>
    </ClCompile>
    <ClCompile Include="CH02_LMS01.cpp">
      <Filter>소스 파일\CH02_LMS</Filter>
    </ClCompile>
    <ClCompile Include="CH02_LMS02.cpp">
      <Filter>소스 파일\CH02_LMS</Filter>
    </ClCompile>
    <ClCompile Include="CH03_LMS_1_1.cpp">
      <Filter>소스 파일\CH03_LMS</Filter>
    </ClCompile>
    <ClCompile Include="CH03_LMS01.cpp">
      <Filter>소스 파일\CH03_LMS</Filter>
    </ClCompile>
    <ClCompile Include="CH03_LMS02.cpp">
      <Filter>소스 파일\CH03_LMS</Filter>
    </ClCompile>
    <ClCompile Include="CH03_LMS02_Main.cpp">
      <Filter>소스 파일\CH03_LMS</Filter>
    </ClCompile>
    <ClCompile Include="CH03_LMS02_Rectangle.cpp">
      <Filter>소스 파일\CH03_LMS</Filter>
    </ClCompile>
    <ClCompile Include="CH04_LMS01.cpp">
      <Filter>소스 파일\CH04_LMS</Filter>
    </ClCompile>
    <ClCompile Include="CH04_LMS02.cpp">
      <Filter>소스 파일\CH04_LMS</Filter>
    </ClCompile>
    <ClCompile Include="CH05_LMS1.cpp">
      <Filter>소스 파일\CH05_LMS</Filter>
    </ClCompile>
    <ClCompile Include="CH05_LMS2.cpp">
      <Filter>소스 파일\CH05_LMS</Filter>
    </ClCompile>
    <ClCompile Include="CH06_LMS1.cpp">
      <Filter>소스 파일\CH06_LMS</Filter>
    </ClCompile>
    <ClCompile Include="CH06_LMS1a.cpp">
      <Filter>소스 파일\CH06_LMS</Filter>
    </ClCompile>
    <ClCompile Include="CH06_LMS2.cpp">
      <Filter>소스 파일\CH06_LMS</Filter>
    </ClCompile>
    <ClCompile Include="CH07_LMS01.cpp">
      <Filter>소스 파일\CH07_LMS</Filter>
    </ClCompile>
    <ClCompile Include="CH07_LMS02.cpp">
      <Filter>소스 파일\CH07_LMS</Filter>
    </ClCompile>
    <ClCompile Include="CH08_LMS1.cpp">
      <Filter>소스 파일\CH08_LMS</Filter>
    </ClCompile>
    <ClCompile Include="CH09_LMS1.cpp">
      <Filter>소스 파일\CH09_LMS</Filter>
    </ClCompile>
  </ItemGroup>
  <ItemGroup>
    <ClInclude Include="CH03_LMS02_Rectangle.h">
      <Filter>헤더 파일</Filter>
    </ClInclude>
  </ItemGroup>
</Project>